
Microsoft Visual Studio Solution File, Format Version 12.00
# Visual Studio Version 17
VisualStudioVersion = 17.13.35931.197 d17.13
MinimumVisualStudioVersion = 10.0.40219.1
Project("{FAE04EC0-301F-11D3-BF4B-00C04F79EFBC}") = "Inventary", "Inventary\Inventary.csproj", "{7E999164-761C-4B57-A489-8703EF240F64}"
EndProject
Global
	GlobalSection(SolutionConfigurationPlatforms) = preSolution
		Debug|Any CPU = Debug|Any CPU
		Release|Any CPU = Release|Any CPU
	EndGlobalSection
	GlobalSection(ProjectConfigurationPlatforms) = postSolution
		{7E999164-761C-4B57-A489-8703EF240F64}.Debug|Any CPU.ActiveCfg = Debug|Any CPU
		{7E999164-761C-4B57-A489-8703EF240F64}.Debug|Any CPU.Build.0 = Debug|Any CPU
		{7E999164-761C-4B57-A489-8703EF240F64}.Release|Any CPU.ActiveCfg = Release|Any CPU
		{7E999164-761C-4B57-A489-8703EF240F64}.Release|Any CPU.Build.0 = Release|Any CPU
	EndGlobalSection
	GlobalSection(SolutionProperties) = preSolution
		HideSolutionNode = FALSE
	EndGlobalSection
	GlobalSection(ExtensibilityGlobals) = postSolution
		SolutionGuid = {DFE153D0-4598-436B-84C6-BB05483F9972}
	EndGlobalSection
EndGlobal
